// !$*UTF8*$!
{
	archiveVersion = 1;
	classes = {
	};
	objectVersion = 46;
	objects = {

/* Begin PBXBuildFile section */
		3DC754861DE43F16000A6EDF /* AppDelegate.swift in Sources */ = {isa = PBXBuildFile; fileRef = 3DC754851DE43F16000A6EDF /* AppDelegate.swift */; };
		3DC754881DE43F16000A6EDF /* ViewController.swift in Sources */ = {isa = PBXBuildFile; fileRef = 3DC754871DE43F16000A6EDF /* ViewController.swift */; };
		3DC7548B1DE43F16000A6EDF /* Main.storyboard in Resources */ = {isa = PBXBuildFile; fileRef = 3DC754891DE43F16000A6EDF /* Main.storyboard */; };
		3DC7548D1DE43F16000A6EDF /* Assets.xcassets in Resources */ = {isa = PBXBuildFile; fileRef = 3DC7548C1DE43F16000A6EDF /* Assets.xcassets */; };
		3DC754901DE43F16000A6EDF /* LaunchScreen.storyboard in Resources */ = {isa = PBXBuildFile; fileRef = 3DC7548E1DE43F16000A6EDF /* LaunchScreen.storyboard */; };
/* End PBXBuildFile section */

/* Begin PBXFileReference section */
		3DC754821DE43F16000A6EDF /* ChrisSocial.app */ = {isa = PBXFileReference; explicitFileType = wrapper.application; includeInIndex = 0; path = ChrisSocial.app; sourceTree = BUILT_PRODUCTS_DIR; };
		3DC754851DE43F16000A6EDF /* AppDelegate.swift */ = {isa = PBXFileReference; lastKnownFileType = sourcecode.swift; path = AppDelegate.swift; sourceTree = "<group>"; };
		3DC754871DE43F16000A6EDF /* ViewController.swift */ = {isa = PBXFileReference; lastKnownFileType = sourcecode.swift; path = ViewController.swift; sourceTree = "<group>"; };
		3DC7548A1DE43F16000A6EDF /* Base */ = {isa = PBXFileReference; lastKnownFileType = file.storyboard; name = Base; path = Base.lproj/Main.storyboard; sourceTree = "<group>"; };
		3DC7548C1DE43F16000A6EDF /* Assets.xcassets */ = {isa = PBXFileReference; lastKnownFileType = folder.assetcatalog; path = Assets.xcassets; sourceTree = "<group>"; };
		3DC7548F1DE43F16000A6EDF /* Base */ = {isa = PBXFileReference; lastKnownFileType = file.storyboard; name = Base; path = Base.lproj/LaunchScreen.storyboard; sourceTree = "<group>"; };
		3DC754911DE43F16000A6EDF /* Info.plist */ = {isa = PBXFileReference; lastKnownFileType = text.plist.xml; path = Info.plist; sourceTree = "<group>"; };
/* End PBXFileReference section */

/* Begin PBXFrameworksBuildPhase section */
		3DC7547F1DE43F16000A6EDF /* Frameworks */ = {
			isa = PBXFrameworksBuildPhase;
			buildActionMask = 2147483647;
			files = (
			);
			runOnlyForDeploymentPostprocessing = 0;
		};
/* End PBXFrameworksBuildPhase section */

/* Begin PBXGroup section */
		3DC754791DE43F16000A6EDF = {
			isa = PBXGroup;
			children = (
				3DC754841DE43F16000A6EDF /* ChrisSocial */,
				3DC754831DE43F16000A6EDF /* Products */,
			);
			sourceTree = "<group>";
		};
		3DC754831DE43F16000A6EDF /* Products */ = {
			isa = PBXGroup;
			children = (
				3DC754821DE43F16000A6EDF /* ChrisSocial.app */,
			);
			name = Products;
			sourceTree = "<group>";
		};
		3DC754841DE43F16000A6EDF /* ChrisSocial */ = {
			isa = PBXGroup;
			children = (
				3DC754851DE43F16000A6EDF /* AppDelegate.swift */,
				3DC754871DE43F16000A6EDF /* ViewController.swift */,
				3DC754891DE43F16000A6EDF /* Main.storyboard */,
				3DC7548C1DE43F16000A6EDF /* Assets.xcassets */,
				3DC7548E1DE43F16000A6EDF /* LaunchScreen.storyboard */,
				3DC754911DE43F16000A6EDF /* Info.plist */,
			);
			path = ChrisSocial;
			sourceTree = "<group>";
		};
/* End PBXGroup section */

/* Begin PBXNativeTarget section */
		3DC754811DE43F16000A6EDF /* ChrisSocial */ = {
			isa = PBXNativeTarget;
			buildConfigurationList = 3DC754941DE43F16000A6EDF /* Build configuration list for PBXNativeTarget "ChrisSocial" */;
			buildPhases = (
				3DC7547E1DE43F16000A6EDF /* Sources */,
				3DC7547F1DE43F16000A6EDF /* Frameworks */,
				3DC754801DE43F16000A6EDF /* Resources */,
			);
			buildRules = (
			);
			dependencies = (
			);
			name = ChrisSocial;
			productName = ChrisSocial;
			productReference = 3DC754821DE43F16000A6EDF /* ChrisSocial.app */;
			productType = "com.apple.product-type.application";
		};
/* End PBXNativeTarget section */

/* Begin PBXProject section */
		3DC7547A1DE43F16000A6EDF /* Project object */ = {
			isa = PBXProject;
			attributes = {
				LastSwiftUpdateCheck = 0810;
				LastUpgradeCheck = 0810;
				ORGANIZATIONNAME = "Christos Karolemeas";
				TargetAttributes = {
					3DC754811DE43F16000A6EDF = {
						CreatedOnToolsVersion = 8.1;
						DevelopmentTeam = A3S43KYXYA;
						ProvisioningStyle = Automatic;
					};
				};
			};
			buildConfigurationList = 3DC7547D1DE43F16000A6EDF /* Build configuration list for PBXProject "ChrisSocial" */;
			compatibilityVersion = "Xcode 3.2";
			developmentRegion = English;
			hasScannedForEncodings = 0;
			knownRegions = (
				en,
				Base,
			);
			mainGroup = 3DC754791DE43F16000A6EDF;
			productRefGroup = 3DC754831DE43F16000A6EDF /* Products */;
			projectDirPath = "";
			projectRoot = "";
			targets = (
				3DC754811DE43F16000A6EDF /* ChrisSocial */,
			);
		};
/* End PBXProject section */

/* Begin PBXResourcesBuildPhase section */
		3DC754801DE43F16000A6EDF /* Resources */ = {
			isa = PBXResourcesBuildPhase;
			buildActionMask = 2147483647;
			files = (
				3DC754901DE43F16000A6EDF /* LaunchScreen.storyboard in Resources */,
				3DC7548D1DE43F16000A6EDF /* Assets.xcassets in Resources */,
				3DC7548B1DE43F16000A6EDF /* Main.storyboard in Resources */,
			);
			runOnlyForDeploymentPostprocessing = 0;
		};
/* End PBXResourcesBuildPhase section */

/* Begin PBXSourcesBuildPhase section */
		3DC7547E1DE43F16000A6EDF /* Sources */ = {
			isa = PBXSourcesBuildPhase;
			buildActionMask = 2147483647;
			files = (
				3DC754881DE43F16000A6EDF /* ViewController.swift in Sources */,
				3DC754861DE43F16000A6EDF /* AppDelegate.swift in Sources */,
			);
			runOnlyForDeploymentPostprocessing = 0;
		};
/* End PBXSourcesBuildPhase section */

/* Begin PBXVariantGroup section */
		3DC754891DE43F16000A6EDF /* Main.storyboard */ = {
			isa = PBXVariantGroup;
			children = (
				3DC7548A1DE43F16000A6EDF /* Base */,
			);
			name = Main.storyboard;
			sourceTree = "<group>";
		};
		3DC7548E1DE43F16000A6EDF /* LaunchScreen.storyboard */ = {
			isa = PBXVariantGroup;
			children = (
				3DC7548F1DE43F16000A6EDF /* Base */,
			);
			name = LaunchScreen.storyboard;
			sourceTree = "<group>";
		};
/* End PBXVariantGroup section */

/* Begin XCBuildConfiguration section */
		3DC754921DE43F16000A6EDF /* Debug */ = {
			isa = XCBuildConfiguration;
			buildSettings = {
				ALWAYS_SEARCH_USER_PATHS = NO;
				CLANG_ANALYZER_NONNULL = YES;
				CLANG_CXX_LANGUAGE_STANDARD = "gnu++0x";
				CLANG_CXX_LIBRARY = "libc++";
				CLANG_ENABLE_MODULES = YES;
				CLANG_ENABLE_OBJC_ARC = YES;
				CLANG_WARN_BOOL_CONVERSION = YES;
				CLANG_WARN_CONSTANT_CONVERSION = YES;
				CLANG_WARN_DIRECT_OBJC_ISA_USAGE = YES_ERROR;
				CLANG_WARN_DOCUMENTATION_COMMENTS = YES;
				CLANG_WARN_EMPTY_BODY = YES;
				CLANG_WARN_ENUM_CONVERSION = YES;
				CLANG_WARN_INFINITE_RECURSION = YES;
				CLANG_WARN_INT_CONVERSION = YES;
				CLANG_WARN_OBJC_ROOT_CLASS = YES_ERROR;
				CLANG_WARN_SUSPICIOUS_MOVES = YES;
				CLANG_WARN_UNREACHABLE_CODE = YES;
				CLANG_WARN__DUPLICATE_METHOD_MATCH = YES;
				"CODE_SIGN_IDENTITY[sdk=iphoneos*]" = "iPhone Developer";
				COPY_PHASE_STRIP = NO;
				DEBUG_INFORMATION_FORMAT = dwarf;
				ENABLE_STRICT_OBJC_MSGSEND = YES;
				ENABLE_TESTABILITY = YES;
				GCC_C_LANGUAGE_STANDARD = gnu99;
				GCC_DYNAMIC_NO_PIC = NO;
				GCC_NO_COMMON_BLOCKS = YES;
				GCC_OPTIMIZATION_LEVEL = 0;
				GCC_PREPROCESSOR_DEFINITIONS = (
					"DEBUG=1",
					"$(inherited)",
				);
				GCC_WARN_64_TO_32_BIT_CONVERSION = YES;
				GCC_WARN_ABOUT_RETURN_TYPE = YES_ERROR;
				GCC_WARN_UNDECLARED_SELECTOR = YES;
				GCC_WARN_UNINITIALIZED_AUTOS = YES_AGGRESSIVE;
				GCC_WARN_UNUSED_FUNCTION = YES;
				GCC_WARN_UNUSED_VARIABLE = YES;
				IPHONEOS_DEPLOYMENT_TARGET = 10.1;
				MTL_ENABLE_DEBUG_INFO = YES;
				ONLY_ACTIVE_ARCH = YES;
				SDKROOT = iphoneos;
				SWIFT_ACTIVE_COMPILATION_CONDITIONS = DEBUG;
				SWIFT_OPTIMIZATION_LEVEL = "-Onone";
			};
			name = Debug;
		};
		3DC754931DE43F16000A6EDF /* Release */ = {
			isa = XCBuildConfiguration;
			buildSettings = {
				ALWAYS_SEARCH_USER_PATHS = NO;
				CLANG_ANALYZER_NONNULL = YES;
				CLANG_CXX_LANGUAGE_STANDARD = "gnu++0x";
				CLANG_CXX_LIBRARY = "libc++";
				CLANG_ENABLE_MODULES = YES;
				CLANG_ENABLE_OBJC_ARC = YES;
				CLANG_WARN_BOOL_CONVERSION = YES;
				CLANG_WARN_CONSTANT_CONVERSION = YES;
				CLANG_WARN_DIRECT_OBJC_ISA_USAGE = YES_ERROR;
				CLANG_WARN_DOCUMENTATION_COMMENTS = YES;
				CLANG_WARN_EMPTY_BODY = YES;
				CLANG_WARN_ENUM_CONVERSION = YES;
				CLANG_WARN_INFINITE_RECURSION = YES;
				CLANG_WARN_INT_CONVERSION = YES;
				CLANG_WARN_OBJC_ROOT_CLASS = YES_ERROR;
				CLANG_WARN_SUSPICIOUS_MOVES = YES;
				CLANG_WARN_UNREACHABLE_CODE = YES;
				CLANG_WARN__DUPLICATE_METHOD_MATCH = YES;
				"CODE_SIGN_IDENTITY[sdk=iphoneos*]" = "iPhone Developer";
				COPY_PHASE_STRIP = NO;
				DEBUG_INFORMATION_FORMAT = "dwarf-with-dsym";
				ENABLE_NS_ASSERTIONS = NO;
				ENABLE_STRICT_OBJC_MSGSEND = YES;
				GCC_C_LANGUAGE_STANDARD = gnu99;
				GCC_NO_COMMON_BLOCKS = YES;
				GCC_WARN_64_TO_32_BIT_CONVERSION = YES;
				GCC_WARN_ABOUT_RETURN_TYPE = YES_ERROR;
				GCC_WARN_UNDECLARED_SELECTOR = YES;
				GCC_WARN_UNINITIALIZED_AUTOS = YES_AGGRESSIVE;
				GCC_WARN_UNUSED_FUNCTION = YES;
				GCC_WARN_UNUSED_VARIABLE = YES;
				IPHONEOS_DEPLOYMENT_TARGET = 10.1;
				MTL_ENABLE_DEBUG_INFO = NO;
				SDKROOT = iphoneos;
				SWIFT_OPTIMIZATION_LEVEL = "-Owholemodule";
				VALIDATE_PRODUCT = YES;
			};
			name = Release;
		};
		3DC754951DE43F16000A6EDF /* Debug */ = {
			isa = XCBuildConfiguration;
			buildSettings = {
				ASSETCATALOG_COMPILER_APPICON_NAME = AppIcon;
				DEVELOPMENT_TEAM = A3S43KYXYA;
				INFOPLIST_FILE = ChrisSocial/Info.plist;
				LD_RUNPATH_SEARCH_PATHS = "$(inherited) @executable_path/Frameworks";
				PRODUCT_BUNDLE_IDENTIFIER = Home.ChrisSocial;
				PRODUCT_NAME = "$(TARGET_NAME)";
				SWIFT_VERSION = 3.0;
			};
			name = Debug;
		};
		3DC754961DE43F16000A6EDF /* Release */ = {
			isa = XCBuildConfiguration;
			buildSettings = {
				ASSETCATALOG_COMPILER_APPICON_NAME = AppIcon;
				DEVELOPMENT_TEAM = A3S43KYXYA;
				INFOPLIST_FILE = ChrisSocial/Info.plist;
				LD_RUNPATH_SEARCH_PATHS = "$(inherited) @executable_path/Frameworks";
				PRODUCT_BUNDLE_IDENTIFIER = Home.ChrisSocial;
				PRODUCT_NAME = "$(TARGET_NAME)";
				SWIFT_VERSION = 3.0;
			};
			name = Release;
		};
/* End XCBuildConfiguration section */

/* Begin XCConfigurationList section */
		3DC7547D1DE43F16000A6EDF /* Build configuration list for PBXProject "ChrisSocial" */ = {
			isa = XCConfigurationList;
			buildConfigurations = (
				3DC754921DE43F16000A6EDF /* Debug */,
				3DC754931DE43F16000A6EDF /* Release */,
			);
			defaultConfigurationIsVisible = 0;
			defaultConfigurationName = Release;
		};
		3DC754941DE43F16000A6EDF /* Build configuration list for PBXNativeTarget "ChrisSocial" */ = {
			isa = XCConfigurationList;
			buildConfigurations = (
				3DC754951DE43F16000A6EDF /* Debug */,
				3DC754961DE43F16000A6EDF /* Release */,
			);
			defaultConfigurationIsVisible = 0;
		};
/* End XCConfigurationList section */
	};
	rootObject = 3DC7547A1DE43F16000A6EDF /* Project object */;
}
